
Microsoft Visual Studio Solution File, Format Version 11.00
# Visual Studio 2010
Project("{FAE04EC0-301F-11D3-BF4B-00C04F79EFBC}") = "UpsMonitorUI", "UpsMonitorUI\UpsMonitorUI.csproj", "{938BB1A5-872B-43F4-9FB9-F20E4F86F334}"
EndProject
Global
	GlobalSection(SolutionConfigurationPlatforms) = preSolution
		Debug|x86 = Debug|x86
		Release|x86 = Release|x86
	EndGlobalSection
	GlobalSection(ProjectConfigurationPlatforms) = postSolution
		{938BB1A5-872B-43F4-9FB9-F20E4F86F334}.Debug|x86.ActiveCfg = Debug|x86
		{938BB1A5-872B-43F4-9FB9-F20E4F86F334}.Debug|x86.Build.0 = Debug|x86
		{938BB1A5-872B-43F4-9FB9-F20E4F86F334}.Release|x86.ActiveCfg = Release|x86
		{938BB1A5-872B-43F4-9FB9-F20E4F86F334}.Release|x86.Build.0 = Release|x86
	EndGlobalSection
	GlobalSection(SolutionProperties) = preSolution
		HideSolutionNode = FALSE
	EndGlobalSection
EndGlobal
